{
    "name": "luaver",
    "version": "1.0.0",
    "lockfileVersion": 3,
    "requires": true,
    "packages": {
        "": {
            "name": "luaver",
            "version": "1.0.0",
            "license": "ISC",
            "dependencies": {
                "@types/ahocorasick": "^1.0.0",
                "@types/node": "^25.0.10",
                "adm-zip": "^0.5.16",
                "ahocorasick": "^1.0.2",
                "chalk": "^5.6.2",
                "chokidar": "^4.0.3",
                "json5": "^2.2.3",
                "luaparse": "^0.3.1",
                "wrap-ansi": "^10.0.0"
            },
            "devDependencies": {
                "@types/adm-zip": "^0.5.8",
                "@types/luaparse": "^0.2.13"
            }
        },
        "node_modules/@types/adm-zip": {
            "version": "0.5.8",
            "resolved": "https://registry.npmjs.org/@types/adm-zip/-/adm-zip-0.5.8.tgz",
            "integrity": "sha512-RVVH7QvZYbN+ihqZ4kX/dMiowf6o+Jk1fNwiSdx0NahBJLU787zkULhGhJM8mf/obmLGmgdMM0bXsQTmyfbR7Q==",
            "dev": true,
            "license": "MIT",
            "dependencies": {
                "@types/node": "*"
            }
        },
        "node_modules/@types/ahocorasick": {
            "version": "1.0.0",
            "resolved": "https://registry.npmjs.org/@types/ahocorasick/-/ahocorasick-1.0.0.tgz",
            "integrity": "sha512-FNLE6B+9Px4LfRX2bZHSSTFa8Du8RznF5fNX915Ovf+K+g0SljmcmO5u7SH+c3LmeCZwP03NgMb7p82c0+Vbrg==",
            "license": "MIT"
        },
        "node_modules/@types/luaparse": {
            "version": "0.2.13",
            "resolved": "https://registry.npmjs.org/@types/luaparse/-/luaparse-0.2.13.tgz",
            "integrity": "sha512-nWs2m9b/zrMcAA2Rs+wTxdIsBkSYMo0+6ko8mpeqS5dhchU3hQN9kZGcSw96n497Vc7kGpDLtSicjdpaUrRAkw==",
            "dev": true,
            "license": "MIT"
        },
        "node_modules/@types/node": {
            "version": "25.0.10",
            "resolved": "https://registry.npmjs.org/@types/node/-/node-25.0.10.tgz",
            "integrity": "sha512-zWW5KPngR/yvakJgGOmZ5vTBemDoSqF3AcV/LrO5u5wTWyEAVVh+IT39G4gtyAkh3CtTZs8aX/yRM82OfzHJRg==",
            "license": "MIT",
            "dependencies": {
                "undici-types": "~7.16.0"
            }
        },
        "node_modules/adm-zip": {
            "version": "0.5.16",
            "resolved": "https://registry.npmjs.org/adm-zip/-/adm-zip-0.5.16.tgz",
            "integrity": "sha512-TGw5yVi4saajsSEgz25grObGHEUaDrniwvA2qwSC060KfqGPdglhvPMA2lPIoxs3PQIItj2iag35fONcQqgUaQ==",
            "license": "MIT",
            "engines": {
                "node": ">=12.0"
            }
        },
        "node_modules/ahocorasick": {
            "version": "1.0.2",
            "resolved": "https://registry.npmjs.org/ahocorasick/-/ahocorasick-1.0.2.tgz",
            "integrity": "sha512-hCOfMzbFx5IDutmWLAt6MZwOUjIfSM9G9FyVxytmE4Rs/5YDPWQrD/+IR1w+FweD9H2oOZEnv36TmkjhNURBVA==",
            "license": "MIT"
        },
        "node_modules/ansi-regex": {
            "version": "6.2.2",
            "resolved": "https://registry.npmjs.org/ansi-regex/-/ansi-regex-6.2.2.tgz",
            "integrity": "sha512-Bq3SmSpyFHaWjPk8If9yc6svM8c56dB5BAtW4Qbw5jHTwwXXcTLoRMkpDJp6VL0XzlWaCHTXrkFURMYmD0sLqg==",
            "license": "MIT",
            "engines": {
                "node": ">=12"
            },
            "funding": {
                "url": "https://github.com/chalk/ansi-regex?sponsor=1"
            }
        },
        "node_modules/ansi-styles": {
            "version": "6.2.3",
            "resolved": "https://registry.npmjs.org/ansi-styles/-/ansi-styles-6.2.3.tgz",
            "integrity": "sha512-4Dj6M28JB+oAH8kFkTLUo+a2jwOFkuqb3yucU0CANcRRUbxS0cP0nZYCGjcc3BNXwRIsUVmDGgzawme7zvJHvg==",
            "license": "MIT",
            "engines": {
                "node": ">=12"
            },
            "funding": {
                "url": "https://github.com/chalk/ansi-styles?sponsor=1"
            }
        },
        "node_modules/chalk": {
            "version": "5.6.2",
            "resolved": "https://registry.npmjs.org/chalk/-/chalk-5.6.2.tgz",
            "integrity": "sha512-7NzBL0rN6fMUW+f7A6Io4h40qQlG+xGmtMxfbnH/K7TAtt8JQWVQK+6g0UXKMeVJoyV5EkkNsErQ8pVD3bLHbA==",
            "license": "MIT",
            "engines": {
                "node": "^12.17.0 || ^14.13 || >=16.0.0"
            },
            "funding": {
                "url": "https://github.com/chalk/chalk?sponsor=1"
            }
        },
        "node_modules/chokidar": {
            "version": "4.0.3",
            "resolved": "https://registry.npmjs.org/chokidar/-/chokidar-4.0.3.tgz",
            "integrity": "sha512-Qgzu8kfBvo+cA4962jnP1KkS6Dop5NS6g7R5LFYJr4b8Ub94PPQXUksCw9PvXoeXPRRddRNC5C1JQUR2SMGtnA==",
            "license": "MIT",
            "dependencies": {
                "readdirp": "^4.0.1"
            },
            "engines": {
                "node": ">= 14.16.0"
            },
            "funding": {
                "url": "https://paulmillr.com/funding/"
            }
        },
        "node_modules/get-east-asian-width": {
            "version": "1.5.0",
            "resolved": "https://registry.npmjs.org/get-east-asian-width/-/get-east-asian-width-1.5.0.tgz",
            "integrity": "sha512-CQ+bEO+Tva/qlmw24dCejulK5pMzVnUOFOijVogd3KQs07HnRIgp8TGipvCCRT06xeYEbpbgwaCxglFyiuIcmA==",
            "license": "MIT",
            "engines": {
                "node": ">=18"
            },
            "funding": {
                "url": "https://github.com/sponsors/sindresorhus"
            }
        },
        "node_modules/json5": {
            "version": "2.2.3",
            "resolved": "https://registry.npmjs.org/json5/-/json5-2.2.3.tgz",
            "integrity": "sha512-XmOWe7eyHYH14cLdVPoyg+GOH3rYX++KpzrylJwSW98t3Nk+U8XOl8FWKOgwtzdb8lXGf6zYwDUzeHMWfxasyg==",
            "license": "MIT",
            "bin": {
                "json5": "lib/cli.js"
            },
            "engines": {
                "node": ">=6"
            }
        },
        "node_modules/luaparse": {
            "version": "0.3.1",
            "resolved": "https://registry.npmjs.org/luaparse/-/luaparse-0.3.1.tgz",
            "integrity": "sha512-b21h2bFEbtGXmVqguHogbyrMAA0wOHyp9u/rx+w6Yc9pW1t9YjhGUsp87lYcp7pFRqSWN/PhFkrdIqKEUzRjjQ==",
            "license": "MIT",
            "bin": {
                "luaparse": "bin/luaparse"
            }
        },
        "node_modules/readdirp": {
            "version": "4.1.2",
            "resolved": "https://registry.npmjs.org/readdirp/-/readdirp-4.1.2.tgz",
            "integrity": "sha512-GDhwkLfywWL2s6vEjyhri+eXmfH6j1L7JE27WhqLeYzoh/A3DBaYGEj2H/HFZCn/kMfim73FXxEJTw06WtxQwg==",
            "license": "MIT",
            "engines": {
                "node": ">= 14.18.0"
            },
            "funding": {
                "type": "individual",
                "url": "https://paulmillr.com/funding/"
            }
        },
        "node_modules/string-width": {
            "version": "8.2.1",
            "resolved": "https://registry.npmjs.org/string-width/-/string-width-8.2.1.tgz",
            "integrity": "sha512-IIaP0g3iy9Cyy18w3M9YcaDudujEAVHKt3a3QJg1+sr/oX96TbaGUubG0hJyCjCBThFH+tFpcIyoUHUn1ogaLA==",
            "license": "MIT",
            "dependencies": {
                "get-east-asian-width": "^1.5.0",
                "strip-ansi": "^7.1.2"
            },
            "engines": {
                "node": ">=20"
            },
            "funding": {
                "url": "https://github.com/sponsors/sindresorhus"
            }
        },
        "node_modules/strip-ansi": {
            "version": "7.2.0",
            "resolved": "https://registry.npmjs.org/strip-ansi/-/strip-ansi-7.2.0.tgz",
            "integrity": "sha512-yDPMNjp4WyfYBkHnjIRLfca1i6KMyGCtsVgoKe/z1+6vukgaENdgGBZt+ZmKPc4gavvEZ5OgHfHdrazhgNyG7w==",
            "license": "MIT",
            "dependencies": {
                "ansi-regex": "^6.2.2"
            },
            "engines": {
                "node": ">=12"
            },
            "funding": {
                "url": "https://github.com/chalk/strip-ansi?sponsor=1"
            }
        },
        "node_modules/undici-types": {
            "version": "7.16.0",
            "resolved": "https://registry.npmjs.org/undici-types/-/undici-types-7.16.0.tgz",
            "integrity": "sha512-Zz+aZWSj8LE6zoxD+xrjh4VfkIG8Ya6LvYkZqtUQGJPZjYl53ypCaUwWqo7eI0x66KBGeRo+mlBEkMSeSZ38Nw==",
            "license": "MIT"
        },
        "node_modules/wrap-ansi": {
            "version": "10.0.0",
            "resolved": "https://registry.npmjs.org/wrap-ansi/-/wrap-ansi-10.0.0.tgz",
            "integrity": "sha512-SGcvg80f0wUy2/fXES19feHMz8E0JoXv2uNgHOu4Dgi2OrCy1lqwFYEJz1BLbDI0exjPMe/ZdzZ/YpGECBG/aQ==",
            "license": "MIT",
            "dependencies": {
                "ansi-styles": "^6.2.3",
                "string-width": "^8.2.0",
                "strip-ansi": "^7.1.2"
            },
            "engines": {
                "node": ">=20"
            },
            "funding": {
                "url": "https://github.com/chalk/wrap-ansi?sponsor=1"
            }
        }
    }
}
